
Microsoft Visual Studio Solution File, Format Version 12.00
# Visual Studio Version 17
VisualStudioVersion = 17.13.35825.156 d17.13
MinimumVisualStudioVersion = 10.0.40219.1
Project("{FAE04EC0-301F-11D3-BF4B-00C04F79EFBC}") = "threads", "threads\threads.csproj", "{39A9023A-6081-46EB-AF72-DD9A697F0446}"
EndProject
Global
	GlobalSection(SolutionConfigurationPlatforms) = preSolution
		Debug|Any CPU = Debug|Any CPU
		Release|Any CPU = Release|Any CPU
	EndGlobalSection
	GlobalSection(ProjectConfigurationPlatforms) = postSolution
		{39A9023A-6081-46EB-AF72-DD9A697F0446}.Debug|Any CPU.ActiveCfg = Debug|Any CPU
		{39A9023A-6081-46EB-AF72-DD9A697F0446}.Debug|Any CPU.Build.0 = Debug|Any CPU
		{39A9023A-6081-46EB-AF72-DD9A697F0446}.Release|Any CPU.ActiveCfg = Release|Any CPU
		{39A9023A-6081-46EB-AF72-DD9A697F0446}.Release|Any CPU.Build.0 = Release|Any CPU
	EndGlobalSection
	GlobalSection(SolutionProperties) = preSolution
		HideSolutionNode = FALSE
	EndGlobalSection
	GlobalSection(ExtensibilityGlobals) = postSolution
		SolutionGuid = {980EA4E1-ACCF-45A7-A186-22BFB1D78ABF}
	EndGlobalSection
EndGlobal
